
Microsoft Visual Studio Solution File, Format Version 12.00
# Visual Studio 11
Project("{F2A71F9B-5D33-465A-A702-920D77279786}") = "Cultures.TypeProvider", "Cultures.TypeProvider.fsproj", "{75624C66-B48F-42F5-9B46-8B9D2AE9B22E}"
EndProject
Global
	GlobalSection(SolutionConfigurationPlatforms) = preSolution
		Debug|Any CPU = Debug|Any CPU
		Release|Any CPU = Release|Any CPU
	EndGlobalSection
	GlobalSection(ProjectConfigurationPlatforms) = postSolution
		{75624C66-B48F-42F5-9B46-8B9D2AE9B22E}.Debug|Any CPU.ActiveCfg = Debug|Any CPU
		{75624C66-B48F-42F5-9B46-8B9D2AE9B22E}.Debug|Any CPU.Build.0 = Debug|Any CPU
		{75624C66-B48F-42F5-9B46-8B9D2AE9B22E}.Release|Any CPU.ActiveCfg = Release|Any CPU
		{75624C66-B48F-42F5-9B46-8B9D2AE9B22E}.Release|Any CPU.Build.0 = Release|Any CPU
	EndGlobalSection
	GlobalSection(SolutionProperties) = preSolution
		HideSolutionNode = FALSE
	EndGlobalSection
EndGlobal
