
Microsoft Visual Studio Solution File, Format Version 11.00
# Visual Studio 2010
Project("{FAE04EC0-301F-11D3-BF4B-00C04F79EFBC}") = "SocialDrawing.Web", "SocialDrawing.Web\SocialDrawing.Web.csproj", "{46AD27FD-C965-40BE-BCEF-B986FDC7C4EB}"
EndProject
Project("{F2A71F9B-5D33-465A-A702-920D77279786}") = "SocialDrawing", "SocialDrawing\SocialDrawing.fsproj", "{C6D93CBA-3CFE-4A28-8770-A30D090B679D}"
EndProject
Project("{F2A71F9B-5D33-465A-A702-920D77279786}") = "SocialDrawing.Server", "SocialDrawing.Server\SocialDrawing.Server.fsproj", "{00F59252-BB20-4D43-AD4E-961B67871E7D}"
EndProject
Global
	GlobalSection(SolutionConfigurationPlatforms) = preSolution
		Debug|Any CPU = Debug|Any CPU
		Debug|Mixed Platforms = Debug|Mixed Platforms
		Debug|x86 = Debug|x86
		Release|Any CPU = Release|Any CPU
		Release|Mixed Platforms = Release|Mixed Platforms
		Release|x86 = Release|x86
	EndGlobalSection
	GlobalSection(ProjectConfigurationPlatforms) = postSolution
		{46AD27FD-C965-40BE-BCEF-B986FDC7C4EB}.Debug|Any CPU.ActiveCfg = Debug|Any CPU
		{46AD27FD-C965-40BE-BCEF-B986FDC7C4EB}.Debug|Any CPU.Build.0 = Debug|Any CPU
		{46AD27FD-C965-40BE-BCEF-B986FDC7C4EB}.Debug|Mixed Platforms.ActiveCfg = Debug|Any CPU
		{46AD27FD-C965-40BE-BCEF-B986FDC7C4EB}.Debug|Mixed Platforms.Build.0 = Debug|Any CPU
		{46AD27FD-C965-40BE-BCEF-B986FDC7C4EB}.Debug|x86.ActiveCfg = Debug|Any CPU
		{46AD27FD-C965-40BE-BCEF-B986FDC7C4EB}.Release|Any CPU.ActiveCfg = Release|Any CPU
		{46AD27FD-C965-40BE-BCEF-B986FDC7C4EB}.Release|Any CPU.Build.0 = Release|Any CPU
		{46AD27FD-C965-40BE-BCEF-B986FDC7C4EB}.Release|Mixed Platforms.ActiveCfg = Release|Any CPU
		{46AD27FD-C965-40BE-BCEF-B986FDC7C4EB}.Release|Mixed Platforms.Build.0 = Release|Any CPU
		{46AD27FD-C965-40BE-BCEF-B986FDC7C4EB}.Release|x86.ActiveCfg = Release|Any CPU
		{C6D93CBA-3CFE-4A28-8770-A30D090B679D}.Debug|Any CPU.ActiveCfg = Debug|Any CPU
		{C6D93CBA-3CFE-4A28-8770-A30D090B679D}.Debug|Any CPU.Build.0 = Debug|Any CPU
		{C6D93CBA-3CFE-4A28-8770-A30D090B679D}.Debug|Mixed Platforms.ActiveCfg = Debug|Any CPU
		{C6D93CBA-3CFE-4A28-8770-A30D090B679D}.Debug|Mixed Platforms.Build.0 = Debug|Any CPU
		{C6D93CBA-3CFE-4A28-8770-A30D090B679D}.Debug|x86.ActiveCfg = Debug|Any CPU
		{C6D93CBA-3CFE-4A28-8770-A30D090B679D}.Release|Any CPU.ActiveCfg = Release|Any CPU
		{C6D93CBA-3CFE-4A28-8770-A30D090B679D}.Release|Any CPU.Build.0 = Release|Any CPU
		{C6D93CBA-3CFE-4A28-8770-A30D090B679D}.Release|Mixed Platforms.ActiveCfg = Release|Any CPU
		{C6D93CBA-3CFE-4A28-8770-A30D090B679D}.Release|Mixed Platforms.Build.0 = Release|Any CPU
		{C6D93CBA-3CFE-4A28-8770-A30D090B679D}.Release|x86.ActiveCfg = Release|Any CPU
		{00F59252-BB20-4D43-AD4E-961B67871E7D}.Debug|Any CPU.ActiveCfg = Debug|x86
		{00F59252-BB20-4D43-AD4E-961B67871E7D}.Debug|Mixed Platforms.ActiveCfg = Debug|x86
		{00F59252-BB20-4D43-AD4E-961B67871E7D}.Debug|Mixed Platforms.Build.0 = Debug|x86
		{00F59252-BB20-4D43-AD4E-961B67871E7D}.Debug|x86.ActiveCfg = Debug|x86
		{00F59252-BB20-4D43-AD4E-961B67871E7D}.Debug|x86.Build.0 = Debug|x86
		{00F59252-BB20-4D43-AD4E-961B67871E7D}.Release|Any CPU.ActiveCfg = Release|x86
		{00F59252-BB20-4D43-AD4E-961B67871E7D}.Release|Mixed Platforms.ActiveCfg = Release|x86
		{00F59252-BB20-4D43-AD4E-961B67871E7D}.Release|Mixed Platforms.Build.0 = Release|x86
		{00F59252-BB20-4D43-AD4E-961B67871E7D}.Release|x86.ActiveCfg = Release|x86
		{00F59252-BB20-4D43-AD4E-961B67871E7D}.Release|x86.Build.0 = Release|x86
	EndGlobalSection
	GlobalSection(SolutionProperties) = preSolution
		HideSolutionNode = FALSE
	EndGlobalSection
EndGlobal
