
Microsoft Visual Studio Solution File, Format Version 12.00
# Visual Studio 2013
VisualStudioVersion = 12.0.21005.1
MinimumVisualStudioVersion = 10.0.40219.1
Project("{F2A71F9B-5D33-465A-A702-920D77279786}") = "Notebook", "Notebook\Notebook.fsproj", "{81243959-5415-41CB-80A2-2BF468C0D6D0}"
EndProject
Global
	GlobalSection(SolutionConfigurationPlatforms) = preSolution
		Debug|Any CPU = Debug|Any CPU
		Release|Any CPU = Release|Any CPU
	EndGlobalSection
	GlobalSection(ProjectConfigurationPlatforms) = postSolution
		{81243959-5415-41CB-80A2-2BF468C0D6D0}.Debug|Any CPU.ActiveCfg = Debug|Any CPU
		{81243959-5415-41CB-80A2-2BF468C0D6D0}.Debug|Any CPU.Build.0 = Debug|Any CPU
		{81243959-5415-41CB-80A2-2BF468C0D6D0}.Release|Any CPU.ActiveCfg = Release|Any CPU
		{81243959-5415-41CB-80A2-2BF468C0D6D0}.Release|Any CPU.Build.0 = Release|Any CPU
	EndGlobalSection
	GlobalSection(SolutionProperties) = preSolution
		HideSolutionNode = FALSE
	EndGlobalSection
EndGlobal
