
Microsoft Visual Studio Solution File, Format Version 11.00
# Visual Studio 2010
Project("{2150E333-8FDC-42A3-9474-1A3956D46DE8}") = "Demo 2", "Demo 2", "{237DD031-BDA9-4245-A328-D45744AAA8DC}"
EndProject
Project("{FAE04EC0-301F-11D3-BF4B-00C04F79EFBC}") = "ColorSelector.App", "ColorSelector.App\ColorSelector.App.csproj", "{C471B681-369D-4DA9-AC23-B7B6DE653F35}"
EndProject
Project("{F2A71F9B-5D33-465A-A702-920D77279786}") = "ColorSelector", "ColorSelector\ColorSelector.fsproj", "{76526685-C461-4214-8DAD-696DEEF11E0D}"
EndProject
Project("{2150E333-8FDC-42A3-9474-1A3956D46DE8}") = "Demo 1", "Demo 1", "{1B44B3C0-2ACD-47A0-B270-761B8C200137}"
EndProject
Project("{F2A71F9B-5D33-465A-A702-920D77279786}") = "MouseMoves", "MouseMoves\MouseMoves.fsproj", "{1E57D9E1-5445-4E01-BB8F-218DB361AFB4}"
EndProject
Project("{FAE04EC0-301F-11D3-BF4B-00C04F79EFBC}") = "MouseMoves.App", "MouseMoves.App\MouseMoves.App.csproj", "{DB73AFB8-6896-4AE3-A001-81701BD35389}"
EndProject
Project("{2150E333-8FDC-42A3-9474-1A3956D46DE8}") = "Demo 4", "Demo 4", "{926CA43D-B89F-4FA5-8EBC-6A5A9831E388}"
EndProject
Project("{F2A71F9B-5D33-465A-A702-920D77279786}") = "RectangleDrawing", "RectangleDrawing\RectangleDrawing.fsproj", "{B6F1F346-4561-4476-A0FB-65A0B3CF8FA2}"
EndProject
Project("{FAE04EC0-301F-11D3-BF4B-00C04F79EFBC}") = "RectangleDrawing.App", "RectangleDrawing.App\RectangleDrawing.App.csproj", "{8BCFCC3A-52C3-40C6-A06B-F15225E4C4AA}"
EndProject
Project("{2150E333-8FDC-42A3-9474-1A3956D46DE8}") = "Demo 3", "Demo 3", "{50851748-EF57-4DDA-A755-A28891BF2750}"
EndProject
Project("{F2A71F9B-5D33-465A-A702-920D77279786}") = "SemaphoreLight", "SemaphoreLight\SemaphoreLight.fsproj", "{0CB246C1-A305-4F26-8877-095E0381628E}"
EndProject
Project("{FAE04EC0-301F-11D3-BF4B-00C04F79EFBC}") = "SemaphoreLight.App", "SemaphoreLight.App\SemaphoreLight.App.csproj", "{FECAD555-6D21-4828-B45B-BEA8C7FF3DF4}"
EndProject
Project("{2150E333-8FDC-42A3-9474-1A3956D46DE8}") = "Demo 5", "Demo 5", "{20FD18C4-DB2B-49FD-8991-425FDCD80B1B}"
EndProject
Project("{F2A71F9B-5D33-465A-A702-920D77279786}") = "SocialRectangles", "SocialRectangles\SocialRectangles.fsproj", "{1105322F-9543-4A99-8FF2-0C6FE0BB64CB}"
EndProject
Project("{FAE04EC0-301F-11D3-BF4B-00C04F79EFBC}") = "SocialRectangles.App", "SocialRectangles.App\SocialRectangles.App.csproj", "{97F4A605-D6DF-4A94-9C00-F67B7C7250F4}"
EndProject
Project("{FAE04EC0-301F-11D3-BF4B-00C04F79EFBC}") = "SocialRectangles.Web", "SocialRectangles.Web\SocialRectangles.Web.csproj", "{5971092C-740A-4CD6-89E9-A30DFE851BD1}"
EndProject
Global
	GlobalSection(SolutionConfigurationPlatforms) = preSolution
		Debug|Any CPU = Debug|Any CPU
		Release|Any CPU = Release|Any CPU
	EndGlobalSection
	GlobalSection(ProjectConfigurationPlatforms) = postSolution
		{C471B681-369D-4DA9-AC23-B7B6DE653F35}.Debug|Any CPU.ActiveCfg = Debug|Any CPU
		{C471B681-369D-4DA9-AC23-B7B6DE653F35}.Debug|Any CPU.Build.0 = Debug|Any CPU
		{C471B681-369D-4DA9-AC23-B7B6DE653F35}.Release|Any CPU.ActiveCfg = Release|Any CPU
		{C471B681-369D-4DA9-AC23-B7B6DE653F35}.Release|Any CPU.Build.0 = Release|Any CPU
		{76526685-C461-4214-8DAD-696DEEF11E0D}.Debug|Any CPU.ActiveCfg = Debug|Any CPU
		{76526685-C461-4214-8DAD-696DEEF11E0D}.Debug|Any CPU.Build.0 = Debug|Any CPU
		{76526685-C461-4214-8DAD-696DEEF11E0D}.Release|Any CPU.ActiveCfg = Release|Any CPU
		{76526685-C461-4214-8DAD-696DEEF11E0D}.Release|Any CPU.Build.0 = Release|Any CPU
		{1E57D9E1-5445-4E01-BB8F-218DB361AFB4}.Debug|Any CPU.ActiveCfg = Debug|Any CPU
		{1E57D9E1-5445-4E01-BB8F-218DB361AFB4}.Debug|Any CPU.Build.0 = Debug|Any CPU
		{1E57D9E1-5445-4E01-BB8F-218DB361AFB4}.Release|Any CPU.ActiveCfg = Release|Any CPU
		{1E57D9E1-5445-4E01-BB8F-218DB361AFB4}.Release|Any CPU.Build.0 = Release|Any CPU
		{DB73AFB8-6896-4AE3-A001-81701BD35389}.Debug|Any CPU.ActiveCfg = Debug|Any CPU
		{DB73AFB8-6896-4AE3-A001-81701BD35389}.Debug|Any CPU.Build.0 = Debug|Any CPU
		{DB73AFB8-6896-4AE3-A001-81701BD35389}.Release|Any CPU.ActiveCfg = Release|Any CPU
		{DB73AFB8-6896-4AE3-A001-81701BD35389}.Release|Any CPU.Build.0 = Release|Any CPU
		{B6F1F346-4561-4476-A0FB-65A0B3CF8FA2}.Debug|Any CPU.ActiveCfg = Debug|Any CPU
		{B6F1F346-4561-4476-A0FB-65A0B3CF8FA2}.Debug|Any CPU.Build.0 = Debug|Any CPU
		{B6F1F346-4561-4476-A0FB-65A0B3CF8FA2}.Release|Any CPU.ActiveCfg = Release|Any CPU
		{B6F1F346-4561-4476-A0FB-65A0B3CF8FA2}.Release|Any CPU.Build.0 = Release|Any CPU
		{8BCFCC3A-52C3-40C6-A06B-F15225E4C4AA}.Debug|Any CPU.ActiveCfg = Debug|Any CPU
		{8BCFCC3A-52C3-40C6-A06B-F15225E4C4AA}.Debug|Any CPU.Build.0 = Debug|Any CPU
		{8BCFCC3A-52C3-40C6-A06B-F15225E4C4AA}.Release|Any CPU.ActiveCfg = Release|Any CPU
		{8BCFCC3A-52C3-40C6-A06B-F15225E4C4AA}.Release|Any CPU.Build.0 = Release|Any CPU
		{0CB246C1-A305-4F26-8877-095E0381628E}.Debug|Any CPU.ActiveCfg = Debug|Any CPU
		{0CB246C1-A305-4F26-8877-095E0381628E}.Debug|Any CPU.Build.0 = Debug|Any CPU
		{0CB246C1-A305-4F26-8877-095E0381628E}.Release|Any CPU.ActiveCfg = Release|Any CPU
		{0CB246C1-A305-4F26-8877-095E0381628E}.Release|Any CPU.Build.0 = Release|Any CPU
		{FECAD555-6D21-4828-B45B-BEA8C7FF3DF4}.Debug|Any CPU.ActiveCfg = Debug|Any CPU
		{FECAD555-6D21-4828-B45B-BEA8C7FF3DF4}.Debug|Any CPU.Build.0 = Debug|Any CPU
		{FECAD555-6D21-4828-B45B-BEA8C7FF3DF4}.Release|Any CPU.ActiveCfg = Release|Any CPU
		{FECAD555-6D21-4828-B45B-BEA8C7FF3DF4}.Release|Any CPU.Build.0 = Release|Any CPU
		{1105322F-9543-4A99-8FF2-0C6FE0BB64CB}.Debug|Any CPU.ActiveCfg = Debug|Any CPU
		{1105322F-9543-4A99-8FF2-0C6FE0BB64CB}.Debug|Any CPU.Build.0 = Debug|Any CPU
		{1105322F-9543-4A99-8FF2-0C6FE0BB64CB}.Release|Any CPU.ActiveCfg = Release|Any CPU
		{1105322F-9543-4A99-8FF2-0C6FE0BB64CB}.Release|Any CPU.Build.0 = Release|Any CPU
		{97F4A605-D6DF-4A94-9C00-F67B7C7250F4}.Debug|Any CPU.ActiveCfg = Debug|Any CPU
		{97F4A605-D6DF-4A94-9C00-F67B7C7250F4}.Debug|Any CPU.Build.0 = Debug|Any CPU
		{97F4A605-D6DF-4A94-9C00-F67B7C7250F4}.Release|Any CPU.ActiveCfg = Release|Any CPU
		{97F4A605-D6DF-4A94-9C00-F67B7C7250F4}.Release|Any CPU.Build.0 = Release|Any CPU
		{5971092C-740A-4CD6-89E9-A30DFE851BD1}.Debug|Any CPU.ActiveCfg = Debug|Any CPU
		{5971092C-740A-4CD6-89E9-A30DFE851BD1}.Debug|Any CPU.Build.0 = Debug|Any CPU
		{5971092C-740A-4CD6-89E9-A30DFE851BD1}.Release|Any CPU.ActiveCfg = Release|Any CPU
		{5971092C-740A-4CD6-89E9-A30DFE851BD1}.Release|Any CPU.Build.0 = Release|Any CPU
	EndGlobalSection
	GlobalSection(SolutionProperties) = preSolution
		HideSolutionNode = FALSE
	EndGlobalSection
	GlobalSection(NestedProjects) = preSolution
		{C471B681-369D-4DA9-AC23-B7B6DE653F35} = {237DD031-BDA9-4245-A328-D45744AAA8DC}
		{76526685-C461-4214-8DAD-696DEEF11E0D} = {237DD031-BDA9-4245-A328-D45744AAA8DC}
		{1E57D9E1-5445-4E01-BB8F-218DB361AFB4} = {1B44B3C0-2ACD-47A0-B270-761B8C200137}
		{DB73AFB8-6896-4AE3-A001-81701BD35389} = {1B44B3C0-2ACD-47A0-B270-761B8C200137}
		{B6F1F346-4561-4476-A0FB-65A0B3CF8FA2} = {926CA43D-B89F-4FA5-8EBC-6A5A9831E388}
		{8BCFCC3A-52C3-40C6-A06B-F15225E4C4AA} = {926CA43D-B89F-4FA5-8EBC-6A5A9831E388}
		{0CB246C1-A305-4F26-8877-095E0381628E} = {50851748-EF57-4DDA-A755-A28891BF2750}
		{FECAD555-6D21-4828-B45B-BEA8C7FF3DF4} = {50851748-EF57-4DDA-A755-A28891BF2750}
		{1105322F-9543-4A99-8FF2-0C6FE0BB64CB} = {20FD18C4-DB2B-49FD-8991-425FDCD80B1B}
		{97F4A605-D6DF-4A94-9C00-F67B7C7250F4} = {20FD18C4-DB2B-49FD-8991-425FDCD80B1B}
		{5971092C-740A-4CD6-89E9-A30DFE851BD1} = {20FD18C4-DB2B-49FD-8991-425FDCD80B1B}
	EndGlobalSection
EndGlobal
