
Microsoft Visual Studio Solution File, Format Version 11.00
# Visual Studio 2010
Project("{FAE04EC0-301F-11D3-BF4B-00C04F79EFBC}") = "SemaphoreLight.App", "SemaphoreLight.App\SemaphoreLight.App.csproj", "{FECAD555-6D21-4828-B45B-BEA8C7FF3DF4}"
EndProject
Project("{F2A71F9B-5D33-465A-A702-920D77279786}") = "SemaphoreLight", "SemaphoreLight\SemaphoreLight.fsproj", "{0CB246C1-A305-4F26-8877-095E0381628E}"
EndProject
Global
	GlobalSection(SolutionConfigurationPlatforms) = preSolution
		Debug|Any CPU = Debug|Any CPU
		Release|Any CPU = Release|Any CPU
	EndGlobalSection
	GlobalSection(ProjectConfigurationPlatforms) = postSolution
		{FECAD555-6D21-4828-B45B-BEA8C7FF3DF4}.Debug|Any CPU.ActiveCfg = Debug|Any CPU
		{FECAD555-6D21-4828-B45B-BEA8C7FF3DF4}.Debug|Any CPU.Build.0 = Debug|Any CPU
		{FECAD555-6D21-4828-B45B-BEA8C7FF3DF4}.Release|Any CPU.ActiveCfg = Release|Any CPU
		{FECAD555-6D21-4828-B45B-BEA8C7FF3DF4}.Release|Any CPU.Build.0 = Release|Any CPU
		{0CB246C1-A305-4F26-8877-095E0381628E}.Debug|Any CPU.ActiveCfg = Debug|Any CPU
		{0CB246C1-A305-4F26-8877-095E0381628E}.Debug|Any CPU.Build.0 = Debug|Any CPU
		{0CB246C1-A305-4F26-8877-095E0381628E}.Release|Any CPU.ActiveCfg = Release|Any CPU
		{0CB246C1-A305-4F26-8877-095E0381628E}.Release|Any CPU.Build.0 = Release|Any CPU
	EndGlobalSection
	GlobalSection(SolutionProperties) = preSolution
		HideSolutionNode = FALSE
	EndGlobalSection
EndGlobal
