
Microsoft Visual Studio Solution File, Format Version 12.00
# Visual Studio 2012
Project("{F2A71F9B-5D33-465A-A702-920D77279786}") = "WorldBank.Tutorial", "WorldBank.Tutorial.fsproj", "{898F7180-7E78-4C05-9D9B-76DBCED4F084}"
EndProject
Global
	GlobalSection(SolutionConfigurationPlatforms) = preSolution
		Debug|Any CPU = Debug|Any CPU
		Release|Any CPU = Release|Any CPU
	EndGlobalSection
	GlobalSection(ProjectConfigurationPlatforms) = postSolution
		{898F7180-7E78-4C05-9D9B-76DBCED4F084}.Debug|Any CPU.ActiveCfg = Debug|Any CPU
		{898F7180-7E78-4C05-9D9B-76DBCED4F084}.Debug|Any CPU.Build.0 = Debug|Any CPU
		{898F7180-7E78-4C05-9D9B-76DBCED4F084}.Release|Any CPU.ActiveCfg = Release|Any CPU
		{898F7180-7E78-4C05-9D9B-76DBCED4F084}.Release|Any CPU.Build.0 = Release|Any CPU
	EndGlobalSection
	GlobalSection(SolutionProperties) = preSolution
		HideSolutionNode = FALSE
	EndGlobalSection
EndGlobal
