
Microsoft Visual Studio Solution File, Format Version 12.00
# Visual Studio 2012
Project("{2150E333-8FDC-42A3-9474-1A3956D46DE8}") = "Samples", "Samples", "{6DB761F8-E257-426F-8CC8-884F5E5238CA}"
	ProjectSection(SolutionItems) = preProject
		Samples\home.json = Samples\home.json
		Samples\JsonTest.fsx = Samples\JsonTest.fsx
		Samples\stream.json = Samples\stream.json
		Samples\worldbank.json = Samples\worldbank.json
	EndProjectSection
EndProject
Project("{F2A71F9B-5D33-465A-A702-920D77279786}") = "Json.TypeProvider", "JsonProvider\Json.TypeProvider.fsproj", "{6EBFDE55-9687-40A9-8C1A-6E204ECB117F}"
EndProject
Global
	GlobalSection(SolutionConfigurationPlatforms) = preSolution
		Debug|Any CPU = Debug|Any CPU
		Release|Any CPU = Release|Any CPU
	EndGlobalSection
	GlobalSection(ProjectConfigurationPlatforms) = postSolution
		{6EBFDE55-9687-40A9-8C1A-6E204ECB117F}.Debug|Any CPU.ActiveCfg = Debug|Any CPU
		{6EBFDE55-9687-40A9-8C1A-6E204ECB117F}.Debug|Any CPU.Build.0 = Debug|Any CPU
		{6EBFDE55-9687-40A9-8C1A-6E204ECB117F}.Release|Any CPU.ActiveCfg = Release|Any CPU
		{6EBFDE55-9687-40A9-8C1A-6E204ECB117F}.Release|Any CPU.Build.0 = Release|Any CPU
	EndGlobalSection
	GlobalSection(SolutionProperties) = preSolution
		HideSolutionNode = FALSE
	EndGlobalSection
EndGlobal
